# This file is automatically @generated by Cargo.
# It is not intended for manual editing.
version = 3

[[package]]
name = "ctor"
version = "0.1.26"
source = "registry+https://github.com/rust-lang/crates.io-index"
checksum = "6d2301688392eb071b0bf1a37be05c469d3cc4dbbd95df672fe28ab021e6a096"
dependencies = [
 "quote",
 "syn",
]

[[package]]
name = "fatfs"
version = "0.1.0"
dependencies = [
 "inventory",
 "vfscore",
]

[[package]]
name = "ghost"
version = "0.1.6"
source = "registry+https://github.com/rust-lang/crates.io-index"
checksum = "eb19fe8de3ea0920d282f7b77dd4227aea6b8b999b42cdf0ca41b2472b14443a"
dependencies = [
 "proc-macro2",
 "quote",
 "syn",
]

[[package]]
name = "header"
version = "0.1.0"
dependencies = [
 "linkme",
]

[[package]]
name = "inventory"
version = "0.3.2"
source = "registry+https://github.com/rust-lang/crates.io-index"
checksum = "e21e0a36a4dc4b469422ee17f715e8313f4a637675656d6a13637954278c6f55"
dependencies = [
 "ctor",
 "ghost",
]

[[package]]
name = "lazy_static"
version = "1.4.0"
source = "registry+https://github.com/rust-lang/crates.io-index"
checksum = "e2abad23fbc42b3700f2f279844dc832adb2b2eb069b2df918f455c4e18cc646"

[[package]]
name = "linkme"
version = "0.3.3"
source = "registry+https://github.com/rust-lang/crates.io-index"
checksum = "f1fcc556441a74961e26e894f9837dc5d2eb6e8f6bc8ec3bbe7ac445ddcf732e"
dependencies = [
 "linkme-impl",
]

[[package]]
name = "linkme-impl"
version = "0.3.3"
source = "registry+https://github.com/rust-lang/crates.io-index"
checksum = "8ea60989e1675e85b206a8e44835d06727f5794e095a7229c81f70078c63fea9"
dependencies = [
 "proc-macro2",
 "quote",
 "syn",
]

[[package]]
name = "macros"
version = "0.1.0"
dependencies = [
 "lazy_static",
 "linkme",
 "proc-macro2",
 "quote",
 "syn",
]

[[package]]
name = "proc-macro2"
version = "1.0.47"
source = "registry+https://github.com/rust-lang/crates.io-index"
checksum = "5ea3d908b0e36316caf9e9e2c4625cdde190a7e6f440d794667ed17a1855e725"
dependencies = [
 "unicode-ident",
]

[[package]]
name = "quote"
version = "1.0.21"
source = "registry+https://github.com/rust-lang/crates.io-index"
checksum = "bbe448f377a7d6961e30f5955f9b8d106c3f5e449d493ee1b125c1d43c2b5179"
dependencies = [
 "proc-macro2",
]

[[package]]
name = "ramfs"
version = "0.1.0"
dependencies = [
 "inventory",
 "vfscore",
]

[[package]]
name = "syn"
version = "1.0.103"
source = "registry+https://github.com/rust-lang/crates.io-index"
checksum = "a864042229133ada95abf3b54fdc62ef5ccabe9515b64717bcb9a1919e59445d"
dependencies = [
 "proc-macro2",
 "quote",
 "unicode-ident",
]

[[package]]
name = "task"
version = "0.1.0"
dependencies = [
 "linkme",
]

[[package]]
name = "test_entry"
version = "0.1.0"
dependencies = [
 "fatfs",
 "linkme",
 "macros",
 "ramfs",
 "task",
 "test_tasks",
 "vfscore",
]

[[package]]
name = "test_tasks"
version = "0.1.0"
dependencies = [
 "header",
 "task",
]

[[package]]
name = "unicode-ident"
version = "1.0.5"
source = "registry+https://github.com/rust-lang/crates.io-index"
checksum = "6ceab39d59e4c9499d4e5a8ee0e2735b891bb7308ac83dfb4e80cad195c9f6f3"

[[package]]
name = "vfscore"
version = "0.1.0"
dependencies = [
 "inventory",
]
